// !$*UTF8*$!
{
	archiveVersion = 1;
	classes = {
	};
	objectVersion = 48;
	objects = {

/* Begin PBXBuildFile section */
		42502C79218B835400BF56DD /* AppDelegate.swift in Sources */ = {isa = PBXBuildFile; fileRef = 42502C78218B835400BF56DD /* AppDelegate.swift */; };
		42502C7B218B835400BF56DD /* ViewController.swift in Sources */ = {isa = PBXBuildFile; fileRef = 42502C7A218B835400BF56DD /* ViewController.swift */; };
		42502C7E218B835400BF56DD /* Main.storyboard in Resources */ = {isa = PBXBuildFile; fileRef = 42502C7C218B835400BF56DD /* Main.storyboard */; };
		42502C80218B835400BF56DD /* Assets.xcassets in Resources */ = {isa = PBXBuildFile; fileRef = 42502C7F218B835400BF56DD /* Assets.xcassets */; };
		42502C83218B835400BF56DD /* LaunchScreen.storyboard in Resources */ = {isa = PBXBuildFile; fileRef = 42502C81218B835400BF56DD /* LaunchScreen.storyboard */; };
/* End PBXBuildFile section */

/* Begin PBXFileReference section */
		42502C75218B835400BF56DD /* KeyPaths AutoLayoutWrapper.app */ = {isa = PBXFileReference; explicitFileType = wrapper.application; includeInIndex = 0; path = "KeyPaths AutoLayoutWrapper.app"; sourceTree = BUILT_PRODUCTS_DIR; };
		42502C78218B835400BF56DD /* AppDelegate.swift */ = {isa = PBXFileReference; lastKnownFileType = sourcecode.swift; path = AppDelegate.swift; sourceTree = "<group>"; };
		42502C7A218B835400BF56DD /* ViewController.swift */ = {isa = PBXFileReference; lastKnownFileType = sourcecode.swift; path = ViewController.swift; sourceTree = "<group>"; };
		42502C7D218B835400BF56DD /* Base */ = {isa = PBXFileReference; lastKnownFileType = file.storyboard; name = Base; path = Base.lproj/Main.storyboard; sourceTree = "<group>"; };
		42502C7F218B835400BF56DD /* Assets.xcassets */ = {isa = PBXFileReference; lastKnownFileType = folder.assetcatalog; path = Assets.xcassets; sourceTree = "<group>"; };
		42502C82218B835400BF56DD /* Base */ = {isa = PBXFileReference; lastKnownFileType = file.storyboard; name = Base; path = Base.lproj/LaunchScreen.storyboard; sourceTree = "<group>"; };
		42502C84218B835400BF56DD /* Info.plist */ = {isa = PBXFileReference; lastKnownFileType = text.plist.xml; path = Info.plist; sourceTree = "<group>"; };
/* End PBXFileReference section */

/* Begin PBXFrameworksBuildPhase section */
		42502C72218B835400BF56DD /* Frameworks */ = {
			isa = PBXFrameworksBuildPhase;
			buildActionMask = 2147483647;
			files = (
			);
			runOnlyForDeploymentPostprocessing = 0;
		};
/* End PBXFrameworksBuildPhase section */

/* Begin PBXGroup section */
		42502C6C218B835400BF56DD = {
			isa = PBXGroup;
			children = (
				42502C77218B835400BF56DD /* KeyPaths AutoLayoutWrapper */,
				42502C76218B835400BF56DD /* Products */,
			);
			sourceTree = "<group>";
		};
		42502C76218B835400BF56DD /* Products */ = {
			isa = PBXGroup;
			children = (
				42502C75218B835400BF56DD /* KeyPaths AutoLayoutWrapper.app */,
			);
			name = Products;
			sourceTree = "<group>";
		};
		42502C77218B835400BF56DD /* KeyPaths AutoLayoutWrapper */ = {
			isa = PBXGroup;
			children = (
				42502C78218B835400BF56DD /* AppDelegate.swift */,
				42502C7A218B835400BF56DD /* ViewController.swift */,
				42502C7C218B835400BF56DD /* Main.storyboard */,
				42502C7F218B835400BF56DD /* Assets.xcassets */,
				42502C81218B835400BF56DD /* LaunchScreen.storyboard */,
				42502C84218B835400BF56DD /* Info.plist */,
			);
			path = "KeyPaths AutoLayoutWrapper";
			sourceTree = "<group>";
		};
/* End PBXGroup section */

/* Begin PBXNativeTarget section */
		42502C74218B835400BF56DD /* KeyPaths AutoLayoutWrapper */ = {
			isa = PBXNativeTarget;
			buildConfigurationList = 42502C87218B835400BF56DD /* Build configuration list for PBXNativeTarget "KeyPaths AutoLayoutWrapper" */;
			buildPhases = (
				42502C71218B835400BF56DD /* Sources */,
				42502C72218B835400BF56DD /* Frameworks */,
				42502C73218B835400BF56DD /* Resources */,
			);
			buildRules = (
			);
			dependencies = (
			);
			name = "KeyPaths AutoLayoutWrapper";
			productName = "KeyPaths AutoLayoutWrapper";
			productReference = 42502C75218B835400BF56DD /* KeyPaths AutoLayoutWrapper.app */;
			productType = "com.apple.product-type.application";
		};
/* End PBXNativeTarget section */

/* Begin PBXProject section */
		42502C6D218B835400BF56DD /* Project object */ = {
			isa = PBXProject;
			attributes = {
				LastSwiftUpdateCheck = 0920;
				LastUpgradeCheck = 0920;
				ORGANIZATIONNAME = "Litvin, Denis [GCB-OT]";
				TargetAttributes = {
					42502C74218B835400BF56DD = {
						CreatedOnToolsVersion = 9.2;
						ProvisioningStyle = Automatic;
					};
				};
			};
			buildConfigurationList = 42502C70218B835400BF56DD /* Build configuration list for PBXProject "KeyPaths AutoLayoutWrapper" */;
			compatibilityVersion = "Xcode 8.0";
			developmentRegion = en;
			hasScannedForEncodings = 0;
			knownRegions = (
				en,
				Base,
			);
			mainGroup = 42502C6C218B835400BF56DD;
			productRefGroup = 42502C76218B835400BF56DD /* Products */;
			projectDirPath = "";
			projectRoot = "";
			targets = (
				42502C74218B835400BF56DD /* KeyPaths AutoLayoutWrapper */,
			);
		};
/* End PBXProject section */

/* Begin PBXResourcesBuildPhase section */
		42502C73218B835400BF56DD /* Resources */ = {
			isa = PBXResourcesBuildPhase;
			buildActionMask = 2147483647;
			files = (
				42502C83218B835400BF56DD /* LaunchScreen.storyboard in Resources */,
				42502C80218B835400BF56DD /* Assets.xcassets in Resources */,
				42502C7E218B835400BF56DD /* Main.storyboard in Resources */,
			);
			runOnlyForDeploymentPostprocessing = 0;
		};
/* End PBXResourcesBuildPhase section */

/* Begin PBXSourcesBuildPhase section */
		42502C71218B835400BF56DD /* Sources */ = {
			isa = PBXSourcesBuildPhase;
			buildActionMask = 2147483647;
			files = (
				42502C7B218B835400BF56DD /* ViewController.swift in Sources */,
				42502C79218B835400BF56DD /* AppDelegate.swift in Sources */,
			);
			runOnlyForDeploymentPostprocessing = 0;
		};
/* End PBXSourcesBuildPhase section */

/* Begin PBXVariantGroup section */
		42502C7C218B835400BF56DD /* Main.storyboard */ = {
			isa = PBXVariantGroup;
			children = (
				42502C7D218B835400BF56DD /* Base */,
			);
			name = Main.storyboard;
			sourceTree = "<group>";
		};
		42502C81218B835400BF56DD /* LaunchScreen.storyboard */ = {
			isa = PBXVariantGroup;
			children = (
				42502C82218B835400BF56DD /* Base */,
			);
			name = LaunchScreen.storyboard;
			sourceTree = "<group>";
		};
/* End PBXVariantGroup section */

/* Begin XCBuildConfiguration section */
		42502C85218B835400BF56DD /* Debug */ = {
			isa = XCBuildConfiguration;
			buildSettings = {
				ALWAYS_SEARCH_USER_PATHS = NO;
				CLANG_ANALYZER_NONNULL = YES;
				CLANG_ANALYZER_NUMBER_OBJECT_CONVERSION = YES_AGGRESSIVE;
				CLANG_CXX_LANGUAGE_STANDARD = "gnu++14";
				CLANG_CXX_LIBRARY = "libc++";
				CLANG_ENABLE_MODULES = YES;
				CLANG_ENABLE_OBJC_ARC = YES;
				CLANG_WARN_BLOCK_CAPTURE_AUTORELEASING = YES;
				CLANG_WARN_BOOL_CONVERSION = YES;
				CLANG_WARN_COMMA = YES;
				CLANG_WARN_CONSTANT_CONVERSION = YES;
				CLANG_WARN_DIRECT_OBJC_ISA_USAGE = YES_ERROR;
				CLANG_WARN_DOCUMENTATION_COMMENTS = YES;
				CLANG_WARN_EMPTY_BODY = YES;
				CLANG_WARN_ENUM_CONVERSION = YES;
				CLANG_WARN_INFINITE_RECURSION = YES;
				CLANG_WARN_INT_CONVERSION = YES;
				CLANG_WARN_NON_LITERAL_NULL_CONVERSION = YES;
				CLANG_WARN_OBJC_LITERAL_CONVERSION = YES;
				CLANG_WARN_OBJC_ROOT_CLASS = YES_ERROR;
				CLANG_WARN_RANGE_LOOP_ANALYSIS = YES;
				CLANG_WARN_STRICT_PROTOTYPES = YES;
				CLANG_WARN_SUSPICIOUS_MOVE = YES;
				CLANG_WARN_UNGUARDED_AVAILABILITY = YES_AGGRESSIVE;
				CLANG_WARN_UNREACHABLE_CODE = YES;
				CLANG_WARN__DUPLICATE_METHOD_MATCH = YES;
				CODE_SIGN_IDENTITY = "iPhone Developer";
				COPY_PHASE_STRIP = NO;
				DEBUG_INFORMATION_FORMAT = dwarf;
				ENABLE_STRICT_OBJC_MSGSEND = YES;
				ENABLE_TESTABILITY = YES;
				GCC_C_LANGUAGE_STANDARD = gnu11;
				GCC_DYNAMIC_NO_PIC = NO;
				GCC_NO_COMMON_BLOCKS = YES;
				GCC_OPTIMIZATION_LEVEL = 0;
				GCC_PREPROCESSOR_DEFINITIONS = (
					"DEBUG=1",
					"$(inherited)",
				);
				GCC_WARN_64_TO_32_BIT_CONVERSION = YES;
				GCC_WARN_ABOUT_RETURN_TYPE = YES_ERROR;
				GCC_WARN_UNDECLARED_SELECTOR = YES;
				GCC_WARN_UNINITIALIZED_AUTOS = YES_AGGRESSIVE;
				GCC_WARN_UNUSED_FUNCTION = YES;
				GCC_WARN_UNUSED_VARIABLE = YES;
				IPHONEOS_DEPLOYMENT_TARGET = 11.2;
				MTL_ENABLE_DEBUG_INFO = YES;
				ONLY_ACTIVE_ARCH = YES;
				SDKROOT = iphoneos;
				SWIFT_ACTIVE_COMPILATION_CONDITIONS = DEBUG;
				SWIFT_OPTIMIZATION_LEVEL = "-Onone";
			};
			name = Debug;
		};
		42502C86218B835400BF56DD /* Release */ = {
			isa = XCBuildConfiguration;
			buildSettings = {
				ALWAYS_SEARCH_USER_PATHS = NO;
				CLANG_ANALYZER_NONNULL = YES;
				CLANG_ANALYZER_NUMBER_OBJECT_CONVERSION = YES_AGGRESSIVE;
				CLANG_CXX_LANGUAGE_STANDARD = "gnu++14";
				CLANG_CXX_LIBRARY = "libc++";
				CLANG_ENABLE_MODULES = YES;
				CLANG_ENABLE_OBJC_ARC = YES;
				CLANG_WARN_BLOCK_CAPTURE_AUTORELEASING = YES;
				CLANG_WARN_BOOL_CONVERSION = YES;
				CLANG_WARN_COMMA = YES;
				CLANG_WARN_CONSTANT_CONVERSION = YES;
				CLANG_WARN_DIRECT_OBJC_ISA_USAGE = YES_ERROR;
				CLANG_WARN_DOCUMENTATION_COMMENTS = YES;
				CLANG_WARN_EMPTY_BODY = YES;
				CLANG_WARN_ENUM_CONVERSION = YES;
				CLANG_WARN_INFINITE_RECURSION = YES;
				CLANG_WARN_INT_CONVERSION = YES;
				CLANG_WARN_NON_LITERAL_NULL_CONVERSION = YES;
				CLANG_WARN_OBJC_LITERAL_CONVERSION = YES;
				CLANG_WARN_OBJC_ROOT_CLASS = YES_ERROR;
				CLANG_WARN_RANGE_LOOP_ANALYSIS = YES;
				CLANG_WARN_STRICT_PROTOTYPES = YES;
				CLANG_WARN_SUSPICIOUS_MOVE = YES;
				CLANG_WARN_UNGUARDED_AVAILABILITY = YES_AGGRESSIVE;
				CLANG_WARN_UNREACHABLE_CODE = YES;
				CLANG_WARN__DUPLICATE_METHOD_MATCH = YES;
				CODE_SIGN_IDENTITY = "iPhone Developer";
				COPY_PHASE_STRIP = NO;
				DEBUG_INFORMATION_FORMAT = "dwarf-with-dsym";
				ENABLE_NS_ASSERTIONS = NO;
				ENABLE_STRICT_OBJC_MSGSEND = YES;
				GCC_C_LANGUAGE_STANDARD = gnu11;
				GCC_NO_COMMON_BLOCKS = YES;
				GCC_WARN_64_TO_32_BIT_CONVERSION = YES;
				GCC_WARN_ABOUT_RETURN_TYPE = YES_ERROR;
				GCC_WARN_UNDECLARED_SELECTOR = YES;
				GCC_WARN_UNINITIALIZED_AUTOS = YES_AGGRESSIVE;
				GCC_WARN_UNUSED_FUNCTION = YES;
				GCC_WARN_UNUSED_VARIABLE = YES;
				IPHONEOS_DEPLOYMENT_TARGET = 11.2;
				MTL_ENABLE_DEBUG_INFO = NO;
				SDKROOT = iphoneos;
				SWIFT_OPTIMIZATION_LEVEL = "-Owholemodule";
				VALIDATE_PRODUCT = YES;
			};
			name = Release;
		};
		42502C88218B835400BF56DD /* Debug */ = {
			isa = XCBuildConfiguration;
			buildSettings = {
				ASSETCATALOG_COMPILER_APPICON_NAME = AppIcon;
				CODE_SIGN_STYLE = Automatic;
				DEVELOPMENT_TEAM = 899H4EHHS7;
				INFOPLIST_FILE = "KeyPaths AutoLayoutWrapper/Info.plist";
				LD_RUNPATH_SEARCH_PATHS = "$(inherited) @executable_path/Frameworks";
				PRODUCT_BUNDLE_IDENTIFIER = "LitvinDenis.KeyPaths-AutoLayoutWrapper";
				PRODUCT_NAME = "$(TARGET_NAME)";
				SWIFT_VERSION = 4.0;
				TARGETED_DEVICE_FAMILY = "1,2";
			};
			name = Debug;
		};
		42502C89218B835400BF56DD /* Release */ = {
			isa = XCBuildConfiguration;
			buildSettings = {
				ASSETCATALOG_COMPILER_APPICON_NAME = AppIcon;
				CODE_SIGN_STYLE = Automatic;
				DEVELOPMENT_TEAM = 899H4EHHS7;
				INFOPLIST_FILE = "KeyPaths AutoLayoutWrapper/Info.plist";
				LD_RUNPATH_SEARCH_PATHS = "$(inherited) @executable_path/Frameworks";
				PRODUCT_BUNDLE_IDENTIFIER = "LitvinDenis.KeyPaths-AutoLayoutWrapper";
				PRODUCT_NAME = "$(TARGET_NAME)";
				SWIFT_VERSION = 4.0;
				TARGETED_DEVICE_FAMILY = "1,2";
			};
			name = Release;
		};
/* End XCBuildConfiguration section */

/* Begin XCConfigurationList section */
		42502C70218B835400BF56DD /* Build configuration list for PBXProject "KeyPaths AutoLayoutWrapper" */ = {
			isa = XCConfigurationList;
			buildConfigurations = (
				42502C85218B835400BF56DD /* Debug */,
				42502C86218B835400BF56DD /* Release */,
			);
			defaultConfigurationIsVisible = 0;
			defaultConfigurationName = Release;
		};
		42502C87218B835400BF56DD /* Build configuration list for PBXNativeTarget "KeyPaths AutoLayoutWrapper" */ = {
			isa = XCConfigurationList;
			buildConfigurations = (
				42502C88218B835400BF56DD /* Debug */,
				42502C89218B835400BF56DD /* Release */,
			);
			defaultConfigurationIsVisible = 0;
			defaultConfigurationName = Release;
		};
/* End XCConfigurationList section */
	};
	rootObject = 42502C6D218B835400BF56DD /* Project object */;
}
